
Microsoft Visual Studio Solution File, Format Version 12.00
# Visual Studio Version 17
VisualStudioVersion = 17.7.34202.233
MinimumVisualStudioVersion = 10.0.40219.1
Project("{FAE04EC0-301F-11D3-BF4B-00C04F79EFBC}") = "WPF.Translations.TranslationBinding", "WPF.Translations.TranslationBinding\WPF.Translations.TranslationBinding.csproj", "{0A8FF9A7-6794-4ABA-BFD0-8576FB7BDF3C}"
EndProject
Project("{FAE04EC0-301F-11D3-BF4B-00C04F79EFBC}") = "TranslationBindingTesting", "TranslationBindingTesting\TranslationBindingTesting.csproj", "{0CE8776C-5CF2-456E-8187-741D6ED24016}"
EndProject
Global
	GlobalSection(SolutionConfigurationPlatforms) = preSolution
		Debug|Any CPU = Debug|Any CPU
		Release|Any CPU = Release|Any CPU
	EndGlobalSection
	GlobalSection(ProjectConfigurationPlatforms) = postSolution
		{0A8FF9A7-6794-4ABA-BFD0-8576FB7BDF3C}.Debug|Any CPU.ActiveCfg = Debug|Any CPU
		{0A8FF9A7-6794-4ABA-BFD0-8576FB7BDF3C}.Debug|Any CPU.Build.0 = Debug|Any CPU
		{0A8FF9A7-6794-4ABA-BFD0-8576FB7BDF3C}.Release|Any CPU.ActiveCfg = Release|Any CPU
		{0A8FF9A7-6794-4ABA-BFD0-8576FB7BDF3C}.Release|Any CPU.Build.0 = Release|Any CPU
		{0CE8776C-5CF2-456E-8187-741D6ED24016}.Debug|Any CPU.ActiveCfg = Debug|Any CPU
		{0CE8776C-5CF2-456E-8187-741D6ED24016}.Debug|Any CPU.Build.0 = Debug|Any CPU
		{0CE8776C-5CF2-456E-8187-741D6ED24016}.Release|Any CPU.ActiveCfg = Release|Any CPU
		{0CE8776C-5CF2-456E-8187-741D6ED24016}.Release|Any CPU.Build.0 = Release|Any CPU
	EndGlobalSection
	GlobalSection(SolutionProperties) = preSolution
		HideSolutionNode = FALSE
	EndGlobalSection
	GlobalSection(ExtensibilityGlobals) = postSolution
		SolutionGuid = {339589DE-A88F-491B-9CA8-DB3647996624}
	EndGlobalSection
EndGlobal
